
Microsoft Visual Studio Solution File, Format Version 12.00
# Visual Studio Version 16
VisualStudioVersion = 16.0.29102.190
MinimumVisualStudioVersion = 10.0.40219.1
Project("{FAE04EC0-301F-11D3-BF4B-00C04F79EFBC}") = "WebApp_Album", "WebApp_Album.csproj", "{F5E9D344-CF76-48B1-8E78-CA10D85FFBD3}"
EndProject
Global
	GlobalSection(SolutionConfigurationPlatforms) = preSolution
		Debug|Any CPU = Debug|Any CPU
		Release|Any CPU = Release|Any CPU
	EndGlobalSection
	GlobalSection(ProjectConfigurationPlatforms) = postSolution
		{F5E9D344-CF76-48B1-8E78-CA10D85FFBD3}.Debug|Any CPU.ActiveCfg = Debug|Any CPU
		{F5E9D344-CF76-48B1-8E78-CA10D85FFBD3}.Debug|Any CPU.Build.0 = Debug|Any CPU
		{F5E9D344-CF76-48B1-8E78-CA10D85FFBD3}.Release|Any CPU.ActiveCfg = Release|Any CPU
		{F5E9D344-CF76-48B1-8E78-CA10D85FFBD3}.Release|Any CPU.Build.0 = Release|Any CPU
	EndGlobalSection
	GlobalSection(SolutionProperties) = preSolution
		HideSolutionNode = FALSE
	EndGlobalSection
	GlobalSection(ExtensibilityGlobals) = postSolution
		SolutionGuid = {09129E8D-D612-490D-BF2F-7BEFA4C9B7AA}
	EndGlobalSection
EndGlobal
